# THIS IS AN AUTOGENERATED FILE. DO NOT EDIT THIS FILE DIRECTLY.
# yarn lockfile v1


"@types/node@^16":
  version "16.18.60"
  resolved "https://registry.npmjs.org/@types/node/-/node-16.18.60.tgz#0b0f4316906f1bd0e03b640363f67bd4e86958bd"

"@types/vscode@^1.83.1":
  version "1.83.1"
  resolved "https://registry.yarnpkg.com/@types/vscode/-/vscode-1.83.1.tgz#fe51b3d913a5c5b265a622179ae4ab6c0af7d54e"

typescript@^5.2.2:
  version "5.2.2"
  resolved "https://registry.yarnpkg.com/typescript/-/typescript-5.2.2.tgz#5ebb5e5a5b75f085f22bc3f8460fba308310fa78"

vscode-jsonrpc@^8.2.0:
  version "8.2.0"
  resolved "https://registry.yarnpkg.com/vscode-jsonrpc/-/vscode-jsonrpc-8.2.0.tgz#f43dfa35fb51e763d17cd94dcca0c9458f35abf9"
