# THIS IS AN AUTOGENERATED FILE. DO NOT EDIT THIS FILE DIRECTLY.
# yarn lockfile v1


"@esbuild/android-arm64@0.19.5":
  version "0.19.5"
  resolved "https://registry.npmjs.org/@esbuild/android-arm64/-/android-arm64-0.19.5.tgz#276c5f99604054d3dbb733577e09adae944baa90"

"@esbuild/android-arm@0.19.5":
  version "0.19.5"
  resolved "https://registry.npmjs.org/@esbuild/android-arm/-/android-arm-0.19.5.tgz#4a3cbf14758166abaae8ba9c01a80e68342a4eec"

"@esbuild/android-x64@0.19.5":
  version "0.19.5"
  resolved "https://registry.npmjs.org/@esbuild/android-x64/-/android-x64-0.19.5.tgz#21a3d11cd4613d2d3c5ccb9e746c254eb9265b0a"

"@esbuild/darwin-arm64@0.19.5":
  version "0.19.5"
  resolved "https://registry.npmjs.org/@esbuild/darwin-arm64/-/darwin-arm64-0.19.5.tgz#714cb839f467d6a67b151ee8255886498e2b9bf6"

"@esbuild/darwin-x64@0.19.5":
  version "0.19.5"
  resolved "https://registry.npmjs.org/@esbuild/darwin-x64/-/darwin-x64-0.19.5.tgz#2c553e97a6d2b4ae76a884e35e6cbab85a990bbf"

"@esbuild/freebsd-arm64@0.19.5":
  version "0.19.5"
  resolved "https://registry.npmjs.org/@esbuild/freebsd-arm64/-/freebsd-arm64-0.19.5.tgz#d554f556718adb31917a0da24277bf84b6ee87f3"

"@esbuild/freebsd-x64@0.19.5":
  version "0.19.5"
  resolved "https://registry.npmjs.org/@esbuild/freebsd-x64/-/freebsd-x64-0.19.5.tgz#288f7358a3bb15d99e73c65c9adaa3dabb497432"

"@esbuild/linux-arm64@0.19.5":
  version "0.19.5"
  resolved "https://registry.npmjs.org/@esbuild/linux-arm64/-/linux-arm64-0.19.5.tgz#95933ae86325c93cb6b5e8333d22120ecfdc901b"

"@esbuild/linux-arm@0.19.5":
  version "0.19.5"
  resolved "https://registry.npmjs.org/@esbuild/linux-arm/-/linux-arm-0.19.5.tgz#0acef93aa3e0579e46d33b666627bddb06636664"

"@esbuild/linux-ia32@0.19.5":
  version "0.19.5"
  resolved "https://registry.npmjs.org/@esbuild/linux-ia32/-/linux-ia32-0.19.5.tgz#b6e5c9e80b42131cbd6b1ddaa48c92835f1ed67f"

"@esbuild/linux-loong64@0.19.5":
  version "0.19.5"
  resolved "https://registry.npmjs.org/@esbuild/linux-loong64/-/linux-loong64-0.19.5.tgz#e5f0cf95a180158b01ff5f417da796a1c09dfbea"

"@esbuild/linux-mips64el@0.19.5":
  version "0.19.5"
  resolved "https://registry.npmjs.org/@esbuild/linux-mips64el/-/linux-mips64el-0.19.5.tgz#ae36fb86c7d5f641f3a0c8472e83dcb6ea36a408"

"@esbuild/linux-ppc64@0.19.5":
  version "0.19.5"
  resolved "https://registry.npmjs.org/@esbuild/linux-ppc64/-/linux-ppc64-0.19.5.tgz#7960cb1666f0340ddd9eef7b26dcea3835d472d0"

"@esbuild/linux-riscv64@0.19.5":
  version "0.19.5"
  resolved "https://registry.npmjs.org/@esbuild/linux-riscv64/-/linux-riscv64-0.19.5.tgz#32207df26af60a3a9feea1783fc21b9817bade19"

"@esbuild/linux-s390x@0.19.5":
  version "0.19.5"
  resolved "https://registry.npmjs.org/@esbuild/linux-s390x/-/linux-s390x-0.19.5.tgz#b38d5681db89a3723862dfa792812397b1510a7d"

"@esbuild/linux-x64@0.19.5":
  version "0.19.5"
  resolved "https://registry.npmjs.org/@esbuild/linux-x64/-/linux-x64-0.19.5.tgz#46feba2ad041a241379d150f415b472fe3885075"

"@esbuild/netbsd-x64@0.19.5":
  version "0.19.5"
  resolved "https://registry.npmjs.org/@esbuild/netbsd-x64/-/netbsd-x64-0.19.5.tgz#3b5c1fb068f26bfc681d31f682adf1bea4ef0702"

"@esbuild/openbsd-x64@0.19.5":
  version "0.19.5"
  resolved "https://registry.npmjs.org/@esbuild/openbsd-x64/-/openbsd-x64-0.19.5.tgz#ca6830316ca68056c5c88a875f103ad3235e00db"

"@esbuild/sunos-x64@0.19.5":
  version "0.19.5"
  resolved "https://registry.npmjs.org/@esbuild/sunos-x64/-/sunos-x64-0.19.5.tgz#9efc4eb9539a7be7d5a05ada52ee43cda0d8e2dd"

"@esbuild/win32-arm64@0.19.5":
  version "0.19.5"
  resolved "https://registry.npmjs.org/@esbuild/win32-arm64/-/win32-arm64-0.19.5.tgz#29f8184afa7a02a956ebda4ed638099f4b8ff198"

"@esbuild/win32-ia32@0.19.5":
  version "0.19.5"
  resolved "https://registry.npmjs.org/@esbuild/win32-ia32/-/win32-ia32-0.19.5.tgz#f3de07afb292ecad651ae4bb8727789de2d95b05"

"@esbuild/win32-x64@0.19.5":
  version "0.19.5"
  resolved "https://registry.npmjs.org/@esbuild/win32-x64/-/win32-x64-0.19.5.tgz#faad84c41ba12e3a0acb52571df9bff37bee75f6"

"@types/node@^16":
  version "16.18.60"
  resolved "https://registry.npmjs.org/@types/node/-/node-16.18.60.tgz#0b0f4316906f1bd0e03b640363f67bd4e86958bd"

"@types/vscode@^1.83.1":
  version "1.83.1"
  resolved "https://registry.yarnpkg.com/@types/vscode/-/vscode-1.83.1.tgz#fe51b3d913a5c5b265a622179ae4ab6c0af7d54e"

esbuild@^0.19.5:
  version "0.19.5"
  resolved "https://registry.npmjs.org/esbuild/-/esbuild-0.19.5.tgz#53a0e19dfbf61ba6c827d51a80813cf071239a8c"
  optionalDependencies:
    "@esbuild/android-arm" "0.19.5"
    "@esbuild/android-arm64" "0.19.5"
    "@esbuild/android-x64" "0.19.5"
    "@esbuild/darwin-arm64" "0.19.5"
    "@esbuild/darwin-x64" "0.19.5"
    "@esbuild/freebsd-arm64" "0.19.5"
    "@esbuild/freebsd-x64" "0.19.5"
    "@esbuild/linux-arm" "0.19.5"
    "@esbuild/linux-arm64" "0.19.5"
    "@esbuild/linux-ia32" "0.19.5"
    "@esbuild/linux-loong64" "0.19.5"
    "@esbuild/linux-mips64el" "0.19.5"
    "@esbuild/linux-ppc64" "0.19.5"
    "@esbuild/linux-riscv64" "0.19.5"
    "@esbuild/linux-s390x" "0.19.5"
    "@esbuild/linux-x64" "0.19.5"
    "@esbuild/netbsd-x64" "0.19.5"
    "@esbuild/openbsd-x64" "0.19.5"
    "@esbuild/sunos-x64" "0.19.5"
    "@esbuild/win32-arm64" "0.19.5"
    "@esbuild/win32-ia32" "0.19.5"
    "@esbuild/win32-x64" "0.19.5"

typescript@^5.2.2:
  version "5.2.2"
  resolved "https://registry.yarnpkg.com/typescript/-/typescript-5.2.2.tgz#5ebb5e5a5b75f085f22bc3f8460fba308310fa78"

vscode-jsonrpc@^8.2.0:
  version "8.2.0"
  resolved "https://registry.yarnpkg.com/vscode-jsonrpc/-/vscode-jsonrpc-8.2.0.tgz#f43dfa35fb51e763d17cd94dcca0c9458f35abf9"
